
Microsoft Visual Studio Solution File, Format Version 12.00
# Visual Studio Version 17
VisualStudioVersion = 17.5.33424.131
MinimumVisualStudioVersion = 10.0.40219.1
Project("{E24C65DC-7377-472B-9ABA-BC803B73C61A}") = "NewProj", "NewProj\", "{1DD14265-D60A-49BD-BCC7-AF93A59A1E62}"
	ProjectSection(WebsiteProperties) = preProject
		TargetFrameworkMoniker = ".NETFramework,Version%3Dv4.7.2"
		Debug.AspNetCompiler.VirtualPath = "/localhost_58240"
		Debug.AspNetCompiler.PhysicalPath = "NewProj\"
		Debug.AspNetCompiler.TargetPath = "PrecompiledWeb\localhost_58240\"
		Debug.AspNetCompiler.Updateable = "true"
		Debug.AspNetCompiler.ForceOverwrite = "true"
		Debug.AspNetCompiler.FixedNames = "false"
		Debug.AspNetCompiler.Debug = "True"
		Release.AspNetCompiler.VirtualPath = "/localhost_58240"
		Release.AspNetCompiler.PhysicalPath = "NewProj\"
		Release.AspNetCompiler.TargetPath = "PrecompiledWeb\localhost_58240\"
		Release.AspNetCompiler.Updateable = "true"
		Release.AspNetCompiler.ForceOverwrite = "true"
		Release.AspNetCompiler.FixedNames = "false"
		Release.AspNetCompiler.Debug = "False"
		VWDPort = "58240"
		SlnRelativePath = "NewProj\"
		DefaultWebSiteLanguage = "Visual C#"
	EndProjectSection
EndProject
Global
	GlobalSection(SolutionConfigurationPlatforms) = preSolution
		Debug|Any CPU = Debug|Any CPU
	EndGlobalSection
	GlobalSection(ProjectConfigurationPlatforms) = postSolution
		{1DD14265-D60A-49BD-BCC7-AF93A59A1E62}.Debug|Any CPU.ActiveCfg = Debug|Any CPU
		{1DD14265-D60A-49BD-BCC7-AF93A59A1E62}.Debug|Any CPU.Build.0 = Debug|Any CPU
	EndGlobalSection
	GlobalSection(SolutionProperties) = preSolution
		HideSolutionNode = FALSE
	EndGlobalSection
	GlobalSection(ExtensibilityGlobals) = postSolution
		SolutionGuid = {8BF6B51B-3D49-441B-AE14-6CAE8321A767}
	EndGlobalSection
EndGlobal
